Microsoft Visual Studio Solution File, Format Version 12.00
# Visual Studio Version 17
VisualStudioVersion = 17.5.2.0
MinimumVisualStudioVersion = 10.0.40219.1
Project("{FAE04EC0-301F-11D3-BF4B-00C04F79EFBC}") = "StockAndFlow", "StockAndFlow\StockAndFlow.csproj", "{ECC02C46-C2B3-84C0-C91C-7CAEA56BFDF8}"
EndProject
Global
	GlobalSection(SolutionConfigurationPlatforms) = preSolution
		Debug|Any CPU = Debug|Any CPU
		Release|Any CPU = Release|Any CPU
	EndGlobalSection
	GlobalSection(ProjectConfigurationPlatforms) = postSolution
		{ECC02C46-C2B3-84C0-C91C-7CAEA56BFDF8}.Debug|Any CPU.ActiveCfg = Debug|Any CPU
		{ECC02C46-C2B3-84C0-C91C-7CAEA56BFDF8}.Debug|Any CPU.Build.0 = Debug|Any CPU
		{ECC02C46-C2B3-84C0-C91C-7CAEA56BFDF8}.Release|Any CPU.ActiveCfg = Release|Any CPU
		{ECC02C46-C2B3-84C0-C91C-7CAEA56BFDF8}.Release|Any CPU.Build.0 = Release|Any CPU
	EndGlobalSection
	GlobalSection(SolutionProperties) = preSolution
		HideSolutionNode = FALSE
	EndGlobalSection
	GlobalSection(ExtensibilityGlobals) = postSolution
		SolutionGuid = {81203BBA-FFF5-46AA-BF03-5D15D06E7A41}
	EndGlobalSection
EndGlobal
